
Microsoft Visual Studio Solution File, Format Version 12.00
# Visual Studio 15
VisualStudioVersion = 15.0.27703.2000
MinimumVisualStudioVersion = 10.0.40219.1
Project("{FAE04EC0-301F-11D3-BF4B-00C04F79EFBC}") = "HW1_URL_Converter", "HW1_URL_Converter\HW1_URL_Converter.csproj", "{50404E30-2333-4C08-8DB7-DCB9DFA80279}"
EndProject
Global
	GlobalSection(SolutionConfigurationPlatforms) = preSolution
		Debug|Any CPU = Debug|Any CPU
		Release|Any CPU = Release|Any CPU
	EndGlobalSection
	GlobalSection(ProjectConfigurationPlatforms) = postSolution
		{50404E30-2333-4C08-8DB7-DCB9DFA80279}.Debug|Any CPU.ActiveCfg = Debug|Any CPU
		{50404E30-2333-4C08-8DB7-DCB9DFA80279}.Debug|Any CPU.Build.0 = Debug|Any CPU
		{50404E30-2333-4C08-8DB7-DCB9DFA80279}.Release|Any CPU.ActiveCfg = Release|Any CPU
		{50404E30-2333-4C08-8DB7-DCB9DFA80279}.Release|Any CPU.Build.0 = Release|Any CPU
	EndGlobalSection
	GlobalSection(SolutionProperties) = preSolution
		HideSolutionNode = FALSE
	EndGlobalSection
	GlobalSection(ExtensibilityGlobals) = postSolution
		SolutionGuid = {DCA7D0C5-93F9-49DB-A083-6BE4B7C77D57}
	EndGlobalSection
EndGlobal
